
Microsoft Visual Studio Solution File, Format Version 12.00
# Visual Studio Version 17
VisualStudioVersion = 17.0.31903.59
MinimumVisualStudioVersion = 10.0.40219.1
Project("{2150E333-8FDC-42A3-9474-1A3956D46DE8}") = "src", "src", "{827E0CD3-B72D-47B6-A68D-7590B98EB39B}"
EndProject
Project("{FAE04EC0-301F-11D3-BF4B-00C04F79EFBC}") = "LmsCms.Api", "src\LmsCms.Api\LmsCms.Api.csproj", "{7A86D8B8-601F-4CEB-A348-5EC263077D5A}"
EndProject
Project("{FAE04EC0-301F-11D3-BF4B-00C04F79EFBC}") = "LmsCms.Application", "src\LmsCms.Application\LmsCms.Application.csproj", "{7D41268B-A2F3-4400-AC2D-889831CDB7F5}"
EndProject
Project("{FAE04EC0-301F-11D3-BF4B-00C04F79EFBC}") = "LmsCms.Domain", "src\LmsCms.Domain\LmsCms.Domain.csproj", "{C4AF1DEC-3FB9-4AD0-A684-E2CE4E4AD998}"
EndProject
Project("{FAE04EC0-301F-11D3-BF4B-00C04F79EFBC}") = "LmsCms.Infrastructure", "src\LmsCms.Infrastructure\LmsCms.Infrastructure.csproj", "{527035B1-C75D-4BBA-8ABF-F7A1F8070194}"
EndProject
Project("{FAE04EC0-301F-11D3-BF4B-00C04F79EFBC}") = "LmsCms.UnitTests", "tests\LmsCms.UnitTests\LmsCms.UnitTests.csproj", "{4543ECA0-D742-4C77-A801-17CA91F377D8}"
EndProject
Project("{FAE04EC0-301F-11D3-BF4B-00C04F79EFBC}") = "LmsCms.IntegrationTests", "tests\LmsCms.IntegrationTests\LmsCms.IntegrationTests.csproj", "{00060F9B-8526-4396-8106-A19216256D26}"
EndProject
Global
	GlobalSection(SolutionConfigurationPlatforms) = preSolution
		Debug|Any CPU = Debug|Any CPU
		Debug|x64 = Debug|x64
		Debug|x86 = Debug|x86
		Release|Any CPU = Release|Any CPU
		Release|x64 = Release|x64
		Release|x86 = Release|x86
	EndGlobalSection
	GlobalSection(ProjectConfigurationPlatforms) = postSolution
		{7A86D8B8-601F-4CEB-A348-5EC263077D5A}.Debug|Any CPU.ActiveCfg = Debug|Any CPU
		{7A86D8B8-601F-4CEB-A348-5EC263077D5A}.Debug|Any CPU.Build.0 = Debug|Any CPU
		{7A86D8B8-601F-4CEB-A348-5EC263077D5A}.Debug|x64.ActiveCfg = Debug|Any CPU
		{7A86D8B8-601F-4CEB-A348-5EC263077D5A}.Debug|x64.Build.0 = Debug|Any CPU
		{7A86D8B8-601F-4CEB-A348-5EC263077D5A}.Debug|x86.ActiveCfg = Debug|Any CPU
		{7A86D8B8-601F-4CEB-A348-5EC263077D5A}.Debug|x86.Build.0 = Debug|Any CPU
		{7A86D8B8-601F-4CEB-A348-5EC263077D5A}.Release|Any CPU.ActiveCfg = Release|Any CPU
		{7A86D8B8-601F-4CEB-A348-5EC263077D5A}.Release|Any CPU.Build.0 = Release|Any CPU
		{7A86D8B8-601F-4CEB-A348-5EC263077D5A}.Release|x64.ActiveCfg = Release|Any CPU
		{7A86D8B8-601F-4CEB-A348-5EC263077D5A}.Release|x64.Build.0 = Release|Any CPU
		{7A86D8B8-601F-4CEB-A348-5EC263077D5A}.Release|x86.ActiveCfg = Release|Any CPU
		{7A86D8B8-601F-4CEB-A348-5EC263077D5A}.Release|x86.Build.0 = Release|Any CPU
		{7D41268B-A2F3-4400-AC2D-889831CDB7F5}.Debug|Any CPU.ActiveCfg = Debug|Any CPU
		{7D41268B-A2F3-4400-AC2D-889831CDB7F5}.Debug|Any CPU.Build.0 = Debug|Any CPU
		{7D41268B-A2F3-4400-AC2D-889831CDB7F5}.Debug|x64.ActiveCfg = Debug|Any CPU
		{7D41268B-A2F3-4400-AC2D-889831CDB7F5}.Debug|x64.Build.0 = Debug|Any CPU
		{7D41268B-A2F3-4400-AC2D-889831CDB7F5}.Debug|x86.ActiveCfg = Debug|Any CPU
		{7D41268B-A2F3-4400-AC2D-889831CDB7F5}.Debug|x86.Build.0 = Debug|Any CPU
		{7D41268B-A2F3-4400-AC2D-889831CDB7F5}.Release|Any CPU.ActiveCfg = Release|Any CPU
		{7D41268B-A2F3-4400-AC2D-889831CDB7F5}.Release|Any CPU.Build.0 = Release|Any CPU
		{7D41268B-A2F3-4400-AC2D-889831CDB7F5}.Release|x64.ActiveCfg = Release|Any CPU
		{7D41268B-A2F3-4400-AC2D-889831CDB7F5}.Release|x64.Build.0 = Release|Any CPU
		{7D41268B-A2F3-4400-AC2D-889831CDB7F5}.Release|x86.ActiveCfg = Release|Any CPU
		{7D41268B-A2F3-4400-AC2D-889831CDB7F5}.Release|x86.Build.0 = Release|Any CPU
		{C4AF1DEC-3FB9-4AD0-A684-E2CE4E4AD998}.Debug|Any CPU.ActiveCfg = Debug|Any CPU
		{C4AF1DEC-3FB9-4AD0-A684-E2CE4E4AD998}.Debug|Any CPU.Build.0 = Debug|Any CPU
		{C4AF1DEC-3FB9-4AD0-A684-E2CE4E4AD998}.Debug|x64.ActiveCfg = Debug|Any CPU
		{C4AF1DEC-3FB9-4AD0-A684-E2CE4E4AD998}.Debug|x64.Build.0 = Debug|Any CPU
		{C4AF1DEC-3FB9-4AD0-A684-E2CE4E4AD998}.Debug|x86.ActiveCfg = Debug|Any CPU
		{C4AF1DEC-3FB9-4AD0-A684-E2CE4E4AD998}.Debug|x86.Build.0 = Debug|Any CPU
		{C4AF1DEC-3FB9-4AD0-A684-E2CE4E4AD998}.Release|Any CPU.ActiveCfg = Release|Any CPU
		{C4AF1DEC-3FB9-4AD0-A684-E2CE4E4AD998}.Release|Any CPU.Build.0 = Release|Any CPU
		{C4AF1DEC-3FB9-4AD0-A684-E2CE4E4AD998}.Release|x64.ActiveCfg = Release|Any CPU
		{C4AF1DEC-3FB9-4AD0-A684-E2CE4E4AD998}.Release|x64.Build.0 = Release|Any CPU
		{C4AF1DEC-3FB9-4AD0-A684-E2CE4E4AD998}.Release|x86.ActiveCfg = Release|Any CPU
		{C4AF1DEC-3FB9-4AD0-A684-E2CE4E4AD998}.Release|x86.Build.0 = Release|Any CPU
		{527035B1-C75D-4BBA-8ABF-F7A1F8070194}.Debug|Any CPU.ActiveCfg = Debug|Any CPU
		{527035B1-C75D-4BBA-8ABF-F7A1F8070194}.Debug|Any CPU.Build.0 = Debug|Any CPU
		{527035B1-C75D-4BBA-8ABF-F7A1F8070194}.Debug|x64.ActiveCfg = Debug|Any CPU
		{527035B1-C75D-4BBA-8ABF-F7A1F8070194}.Debug|x64.Build.0 = Debug|Any CPU
		{527035B1-C75D-4BBA-8ABF-F7A1F8070194}.Debug|x86.ActiveCfg = Debug|Any CPU
		{527035B1-C75D-4BBA-8ABF-F7A1F8070194}.Debug|x86.Build.0 = Debug|Any CPU
		{527035B1-C75D-4BBA-8ABF-F7A1F8070194}.Release|Any CPU.ActiveCfg = Release|Any CPU
		{527035B1-C75D-4BBA-8ABF-F7A1F8070194}.Release|Any CPU.Build.0 = Release|Any CPU
		{527035B1-C75D-4BBA-8ABF-F7A1F8070194}.Release|x64.ActiveCfg = Release|Any CPU
		{527035B1-C75D-4BBA-8ABF-F7A1F8070194}.Release|x64.Build.0 = Release|Any CPU
		{527035B1-C75D-4BBA-8ABF-F7A1F8070194}.Release|x86.ActiveCfg = Release|Any CPU
		{527035B1-C75D-4BBA-8ABF-F7A1F8070194}.Release|x86.Build.0 = Release|Any CPU
		{4543ECA0-D742-4C77-A801-17CA91F377D8}.Debug|Any CPU.ActiveCfg = Debug|Any CPU
		{4543ECA0-D742-4C77-A801-17CA91F377D8}.Debug|Any CPU.Build.0 = Debug|Any CPU
		{4543ECA0-D742-4C77-A801-17CA91F377D8}.Debug|x64.ActiveCfg = Debug|Any CPU
		{4543ECA0-D742-4C77-A801-17CA91F377D8}.Debug|x64.Build.0 = Debug|Any CPU
		{4543ECA0-D742-4C77-A801-17CA91F377D8}.Debug|x86.ActiveCfg = Debug|Any CPU
		{4543ECA0-D742-4C77-A801-17CA91F377D8}.Debug|x86.Build.0 = Debug|Any CPU
		{4543ECA0-D742-4C77-A801-17CA91F377D8}.Release|Any CPU.ActiveCfg = Release|Any CPU
		{4543ECA0-D742-4C77-A801-17CA91F377D8}.Release|Any CPU.Build.0 = Release|Any CPU
		{4543ECA0-D742-4C77-A801-17CA91F377D8}.Release|x64.ActiveCfg = Release|Any CPU
		{4543ECA0-D742-4C77-A801-17CA91F377D8}.Release|x64.Build.0 = Release|Any CPU
		{4543ECA0-D742-4C77-A801-17CA91F377D8}.Release|x86.ActiveCfg = Release|Any CPU
		{4543ECA0-D742-4C77-A801-17CA91F377D8}.Release|x86.Build.0 = Release|Any CPU
		{00060F9B-8526-4396-8106-A19216256D26}.Debug|Any CPU.ActiveCfg = Debug|Any CPU
		{00060F9B-8526-4396-8106-A19216256D26}.Debug|Any CPU.Build.0 = Debug|Any CPU
		{00060F9B-8526-4396-8106-A19216256D26}.Debug|x64.ActiveCfg = Debug|Any CPU
		{00060F9B-8526-4396-8106-A19216256D26}.Debug|x64.Build.0 = Debug|Any CPU
		{00060F9B-8526-4396-8106-A19216256D26}.Debug|x86.ActiveCfg = Debug|Any CPU
		{00060F9B-8526-4396-8106-A19216256D26}.Debug|x86.Build.0 = Debug|Any CPU
		{00060F9B-8526-4396-8106-A19216256D26}.Release|Any CPU.ActiveCfg = Release|Any CPU
		{00060F9B-8526-4396-8106-A19216256D26}.Release|Any CPU.Build.0 = Release|Any CPU
		{00060F9B-8526-4396-8106-A19216256D26}.Release|x64.ActiveCfg = Release|Any CPU
		{00060F9B-8526-4396-8106-A19216256D26}.Release|x64.Build.0 = Release|Any CPU
		{00060F9B-8526-4396-8106-A19216256D26}.Release|x86.ActiveCfg = Release|Any CPU
		{00060F9B-8526-4396-8106-A19216256D26}.Release|x86.Build.0 = Release|Any CPU
	EndGlobalSection
	GlobalSection(SolutionProperties) = preSolution
		HideSolutionNode = FALSE
	EndGlobalSection
	GlobalSection(NestedProjects) = preSolution
		{7A86D8B8-601F-4CEB-A348-5EC263077D5A} = {827E0CD3-B72D-47B6-A68D-7590B98EB39B}
		{7D41268B-A2F3-4400-AC2D-889831CDB7F5} = {827E0CD3-B72D-47B6-A68D-7590B98EB39B}
		{C4AF1DEC-3FB9-4AD0-A684-E2CE4E4AD998} = {827E0CD3-B72D-47B6-A68D-7590B98EB39B}
		{527035B1-C75D-4BBA-8ABF-F7A1F8070194} = {827E0CD3-B72D-47B6-A68D-7590B98EB39B}
		{4543ECA0-D742-4C77-A801-17CA91F377D8} = {827E0CD3-B72D-47B6-A68D-7590B98EB39B}
		{00060F9B-8526-4396-8106-A19216256D26} = {827E0CD3-B72D-47B6-A68D-7590B98EB39B}
	EndGlobalSection
EndGlobal
